// !$*UTF8*$!
{
	archiveVersion = 1;
	classes = {
	};
	objectVersion = 55;
	objects = {

/* Begin PBXBuildFile section */
		FC26FF3727DFF5E9006C7236 /* AppDelegate.swift in Sources */ = {isa = PBXBuildFile; fileRef = FC26FF3627DFF5E9006C7236 /* AppDelegate.swift */; };
		FC26FF3927DFF5E9006C7236 /* SceneDelegate.swift in Sources */ = {isa = PBXBuildFile; fileRef = FC26FF3827DFF5E9006C7236 /* SceneDelegate.swift */; };
		FC26FF4027DFF5E9006C7236 /* Assets.xcassets in Resources */ = {isa = PBXBuildFile; fileRef = FC26FF3F27DFF5E9006C7236 /* Assets.xcassets */; };
		FC26FF4327DFF5E9006C7236 /* LaunchScreen.storyboard in Resources */ = {isa = PBXBuildFile; fileRef = FC26FF4127DFF5E9006C7236 /* LaunchScreen.storyboard */; };
		FC26FF5227DFF626006C7236 /* Main.storyboard in Resources */ = {isa = PBXBuildFile; fileRef = FC26FF5027DFF626006C7236 /* Main.storyboard */; };
		FC26FF5427DFFB92006C7236 /* viewcontroller.swift in Sources */ = {isa = PBXBuildFile; fileRef = FC26FF5327DFFB92006C7236 /* viewcontroller.swift */; };
		FC26FF5727DFFBEC006C7236 /* Localizable.strings in Resources */ = {isa = PBXBuildFile; fileRef = FC26FF5927DFFBEC006C7236 /* Localizable.strings */; };
/* End PBXBuildFile section */

/* Begin PBXFileReference section */
		FC26FF3327DFF5E9006C7236 /* loogaa.app */ = {isa = PBXFileReference; explicitFileType = wrapper.application; includeInIndex = 0; path = loogaa.app; sourceTree = BUILT_PRODUCTS_DIR; };
		FC26FF3627DFF5E9006C7236 /* AppDelegate.swift */ = {isa = PBXFileReference; lastKnownFileType = sourcecode.swift; path = AppDelegate.swift; sourceTree = "<group>"; };
		FC26FF3827DFF5E9006C7236 /* SceneDelegate.swift */ = {isa = PBXFileReference; lastKnownFileType = sourcecode.swift; path = SceneDelegate.swift; sourceTree = "<group>"; };
		FC26FF3F27DFF5E9006C7236 /* Assets.xcassets */ = {isa = PBXFileReference; lastKnownFileType = folder.assetcatalog; path = Assets.xcassets; sourceTree = "<group>"; };
		FC26FF4227DFF5E9006C7236 /* Base */ = {isa = PBXFileReference; lastKnownFileType = file.storyboard; name = Base; path = Base.lproj/LaunchScreen.storyboard; sourceTree = "<group>"; };
		FC26FF4427DFF5E9006C7236 /* Info.plist */ = {isa = PBXFileReference; lastKnownFileType = text.plist.xml; path = Info.plist; sourceTree = "<group>"; };
		FC26FF5127DFF626006C7236 /* Base */ = {isa = PBXFileReference; lastKnownFileType = file.storyboard; name = Base; path = ../../ahmedlang/ahmedlang/Base.lproj/Main.storyboard; sourceTree = "<group>"; };
		FC26FF5327DFFB92006C7236 /* viewcontroller.swift */ = {isa = PBXFileReference; lastKnownFileType = sourcecode.swift; path = viewcontroller.swift; sourceTree = "<group>"; };
		FC26FF5827DFFBEC006C7236 /* en */ = {isa = PBXFileReference; lastKnownFileType = text.plist.strings; name = en; path = en.lproj/Localizable.strings; sourceTree = "<group>"; };
		FC26FF5A27DFFBF0006C7236 /* ar */ = {isa = PBXFileReference; lastKnownFileType = text.plist.strings; name = ar; path = ar.lproj/Localizable.strings; sourceTree = "<group>"; };
/* End PBXFileReference section */

/* Begin PBXFrameworksBuildPhase section */
		FC26FF3027DFF5E9006C7236 /* Frameworks */ = {
			isa = PBXFrameworksBuildPhase;
			buildActionMask = 2147483647;
			files = (
			);
			runOnlyForDeploymentPostprocessing = 0;
		};
/* End PBXFrameworksBuildPhase section */

/* Begin PBXGroup section */
		FC26FF2A27DFF5E9006C7236 = {
			isa = PBXGroup;
			children = (
				FC26FF3527DFF5E9006C7236 /* loogaa */,
				FC26FF3427DFF5E9006C7236 /* Products */,
			);
			sourceTree = "<group>";
		};
		FC26FF3427DFF5E9006C7236 /* Products */ = {
			isa = PBXGroup;
			children = (
				FC26FF3327DFF5E9006C7236 /* loogaa.app */,
			);
			name = Products;
			sourceTree = "<group>";
		};
		FC26FF3527DFF5E9006C7236 /* loogaa */ = {
			isa = PBXGroup;
			children = (
				FC26FF3627DFF5E9006C7236 /* AppDelegate.swift */,
				FC26FF3827DFF5E9006C7236 /* SceneDelegate.swift */,
				FC26FF5327DFFB92006C7236 /* viewcontroller.swift */,
				FC26FF5027DFF626006C7236 /* Main.storyboard */,
				FC26FF3F27DFF5E9006C7236 /* Assets.xcassets */,
				FC26FF4127DFF5E9006C7236 /* LaunchScreen.storyboard */,
				FC26FF4427DFF5E9006C7236 /* Info.plist */,
				FC26FF5927DFFBEC006C7236 /* Localizable.strings */,
			);
			path = loogaa;
			sourceTree = "<group>";
		};
/* End PBXGroup section */

/* Begin PBXNativeTarget section */
		FC26FF3227DFF5E9006C7236 /* loogaa */ = {
			isa = PBXNativeTarget;
			buildConfigurationList = FC26FF4727DFF5E9006C7236 /* Build configuration list for PBXNativeTarget "loogaa" */;
			buildPhases = (
				FC26FF2F27DFF5E9006C7236 /* Sources */,
				FC26FF3027DFF5E9006C7236 /* Frameworks */,
				FC26FF3127DFF5E9006C7236 /* Resources */,
			);
			buildRules = (
			);
			dependencies = (
			);
			name = loogaa;
			productName = loogaa;
			productReference = FC26FF3327DFF5E9006C7236 /* loogaa.app */;
			productType = "com.apple.product-type.application";
		};
/* End PBXNativeTarget section */

/* Begin PBXProject section */
		FC26FF2B27DFF5E9006C7236 /* Project object */ = {
			isa = PBXProject;
			attributes = {
				BuildIndependentTargetsInParallel = 1;
				LastSwiftUpdateCheck = 1320;
				LastUpgradeCheck = 1320;
				TargetAttributes = {
					FC26FF3227DFF5E9006C7236 = {
						CreatedOnToolsVersion = 13.2.1;
					};
				};
			};
			buildConfigurationList = FC26FF2E27DFF5E9006C7236 /* Build configuration list for PBXProject "loogaa" */;
			compatibilityVersion = "Xcode 13.0";
			developmentRegion = en;
			hasScannedForEncodings = 0;
			knownRegions = (
				en,
				Base,
				ar,
			);
			mainGroup = FC26FF2A27DFF5E9006C7236;
			productRefGroup = FC26FF3427DFF5E9006C7236 /* Products */;
			projectDirPath = "";
			projectRoot = "";
			targets = (
				FC26FF3227DFF5E9006C7236 /* loogaa */,
			);
		};
/* End PBXProject section */

/* Begin PBXResourcesBuildPhase section */
		FC26FF3127DFF5E9006C7236 /* Resources */ = {
			isa = PBXResourcesBuildPhase;
			buildActionMask = 2147483647;
			files = (
				FC26FF4327DFF5E9006C7236 /* LaunchScreen.storyboard in Resources */,
				FC26FF5227DFF626006C7236 /* Main.storyboard in Resources */,
				FC26FF4027DFF5E9006C7236 /* Assets.xcassets in Resources */,
				FC26FF5727DFFBEC006C7236 /* Localizable.strings in Resources */,
			);
			runOnlyForDeploymentPostprocessing = 0;
		};
/* End PBXResourcesBuildPhase section */

/* Begin PBXSourcesBuildPhase section */
		FC26FF2F27DFF5E9006C7236 /* Sources */ = {
			isa = PBXSourcesBuildPhase;
			buildActionMask = 2147483647;
			files = (
				FC26FF3727DFF5E9006C7236 /* AppDelegate.swift in Sources */,
				FC26FF5427DFFB92006C7236 /* viewcontroller.swift in Sources */,
				FC26FF3927DFF5E9006C7236 /* SceneDelegate.swift in Sources */,
			);
			runOnlyForDeploymentPostprocessing = 0;
		};
/* End PBXSourcesBuildPhase section */

/* Begin PBXVariantGroup section */
		FC26FF4127DFF5E9006C7236 /* LaunchScreen.storyboard */ = {
			isa = PBXVariantGroup;
			children = (
				FC26FF4227DFF5E9006C7236 /* Base */,
			);
			name = LaunchScreen.storyboard;
			sourceTree = "<group>";
		};
		FC26FF5027DFF626006C7236 /* Main.storyboard */ = {
			isa = PBXVariantGroup;
			children = (
				FC26FF5127DFF626006C7236 /* Base */,
			);
			name = Main.storyboard;
			sourceTree = "<group>";
		};
		FC26FF5927DFFBEC006C7236 /* Localizable.strings */ = {
			isa = PBXVariantGroup;
			children = (
				FC26FF5827DFFBEC006C7236 /* en */,
				FC26FF5A27DFFBF0006C7236 /* ar */,
			);
			name = Localizable.strings;
			sourceTree = "<group>";
		};
/* End PBXVariantGroup section */

/* Begin XCBuildConfiguration section */
		FC26FF4527DFF5E9006C7236 /* Debug */ = {
			isa = XCBuildConfiguration;
			buildSettings = {
				ALWAYS_SEARCH_USER_PATHS = NO;
				CLANG_ANALYZER_NONNULL = YES;
				CLANG_ANALYZER_NUMBER_OBJECT_CONVERSION = YES_AGGRESSIVE;
				CLANG_CXX_LANGUAGE_STANDARD = "gnu++17";
				CLANG_CXX_LIBRARY = "libc++";
				CLANG_ENABLE_MODULES = YES;
				CLANG_ENABLE_OBJC_ARC = YES;
				CLANG_ENABLE_OBJC_WEAK = YES;
				CLANG_WARN_BLOCK_CAPTURE_AUTORELEASING = YES;
				CLANG_WARN_BOOL_CONVERSION = YES;
				CLANG_WARN_COMMA = YES;
				CLANG_WARN_CONSTANT_CONVERSION = YES;
				CLANG_WARN_DEPRECATED_OBJC_IMPLEMENTATIONS = YES;
				CLANG_WARN_DIRECT_OBJC_ISA_USAGE = YES_ERROR;
				CLANG_WARN_DOCUMENTATION_COMMENTS = YES;
				CLANG_WARN_EMPTY_BODY = YES;
				CLANG_WARN_ENUM_CONVERSION = YES;
				CLANG_WARN_INFINITE_RECURSION = YES;
				CLANG_WARN_INT_CONVERSION = YES;
				CLANG_WARN_NON_LITERAL_NULL_CONVERSION = YES;
				CLANG_WARN_OBJC_IMPLICIT_RETAIN_SELF = YES;
				CLANG_WARN_OBJC_LITERAL_CONVERSION = YES;
				CLANG_WARN_OBJC_ROOT_CLASS = YES_ERROR;
				CLANG_WARN_QUOTED_INCLUDE_IN_FRAMEWORK_HEADER = YES;
				CLANG_WARN_RANGE_LOOP_ANALYSIS = YES;
				CLANG_WARN_STRICT_PROTOTYPES = YES;
				CLANG_WARN_SUSPICIOUS_MOVE = YES;
				CLANG_WARN_UNGUARDED_AVAILABILITY = YES_AGGRESSIVE;
				CLANG_WARN_UNREACHABLE_CODE = YES;
				CLANG_WARN__DUPLICATE_METHOD_MATCH = YES;
				COPY_PHASE_STRIP = NO;
				DEBUG_INFORMATION_FORMAT = dwarf;
				ENABLE_STRICT_OBJC_MSGSEND = YES;
				ENABLE_TESTABILITY = YES;
				GCC_C_LANGUAGE_STANDARD = gnu11;
				GCC_DYNAMIC_NO_PIC = NO;
				GCC_NO_COMMON_BLOCKS = YES;
				GCC_OPTIMIZATION_LEVEL = 0;
				GCC_PREPROCESSOR_DEFINITIONS = (
					"DEBUG=1",
					"$(inherited)",
				);
				GCC_WARN_64_TO_32_BIT_CONVERSION = YES;
				GCC_WARN_ABOUT_RETURN_TYPE = YES_ERROR;
				GCC_WARN_UNDECLARED_SELECTOR = YES;
				GCC_WARN_UNINITIALIZED_AUTOS = YES_AGGRESSIVE;
				GCC_WARN_UNUSED_FUNCTION = YES;
				GCC_WARN_UNUSED_VARIABLE = YES;
				IPHONEOS_DEPLOYMENT_TARGET = 15.2;
				MTL_ENABLE_DEBUG_INFO = INCLUDE_SOURCE;
				MTL_FAST_MATH = YES;
				ONLY_ACTIVE_ARCH = YES;
				SDKROOT = iphoneos;
				SWIFT_ACTIVE_COMPILATION_CONDITIONS = DEBUG;
				SWIFT_OPTIMIZATION_LEVEL = "-Onone";
			};
			name = Debug;
		};
		FC26FF4627DFF5E9006C7236 /* Release */ = {
			isa = XCBuildConfiguration;
			buildSettings = {
				ALWAYS_SEARCH_USER_PATHS = NO;
				CLANG_ANALYZER_NONNULL = YES;
				CLANG_ANALYZER_NUMBER_OBJECT_CONVERSION = YES_AGGRESSIVE;
				CLANG_CXX_LANGUAGE_STANDARD = "gnu++17";
				CLANG_CXX_LIBRARY = "libc++";
				CLANG_ENABLE_MODULES = YES;
				CLANG_ENABLE_OBJC_ARC = YES;
				CLANG_ENABLE_OBJC_WEAK = YES;
				CLANG_WARN_BLOCK_CAPTURE_AUTORELEASING = YES;
				CLANG_WARN_BOOL_CONVERSION = YES;
				CLANG_WARN_COMMA = YES;
				CLANG_WARN_CONSTANT_CONVERSION = YES;
				CLANG_WARN_DEPRECATED_OBJC_IMPLEMENTATIONS = YES;
				CLANG_WARN_DIRECT_OBJC_ISA_USAGE = YES_ERROR;
				CLANG_WARN_DOCUMENTATION_COMMENTS = YES;
				CLANG_WARN_EMPTY_BODY = YES;
				CLANG_WARN_ENUM_CONVERSION = YES;
				CLANG_WARN_INFINITE_RECURSION = YES;
				CLANG_WARN_INT_CONVERSION = YES;
				CLANG_WARN_NON_LITERAL_NULL_CONVERSION = YES;
				CLANG_WARN_OBJC_IMPLICIT_RETAIN_SELF = YES;
				CLANG_WARN_OBJC_LITERAL_CONVERSION = YES;
				CLANG_WARN_OBJC_ROOT_CLASS = YES_ERROR;
				CLANG_WARN_QUOTED_INCLUDE_IN_FRAMEWORK_HEADER = YES;
				CLANG_WARN_RANGE_LOOP_ANALYSIS = YES;
				CLANG_WARN_STRICT_PROTOTYPES = YES;
				CLANG_WARN_SUSPICIOUS_MOVE = YES;
				CLANG_WARN_UNGUARDED_AVAILABILITY = YES_AGGRESSIVE;
				CLANG_WARN_UNREACHABLE_CODE = YES;
				CLANG_WARN__DUPLICATE_METHOD_MATCH = YES;
				COPY_PHASE_STRIP = NO;
				DEBUG_INFORMATION_FORMAT = "dwarf-with-dsym";
				ENABLE_NS_ASSERTIONS = NO;
				ENABLE_STRICT_OBJC_MSGSEND = YES;
				GCC_C_LANGUAGE_STANDARD = gnu11;
				GCC_NO_COMMON_BLOCKS = YES;
				GCC_WARN_64_TO_32_BIT_CONVERSION = YES;
				GCC_WARN_ABOUT_RETURN_TYPE = YES_ERROR;
				GCC_WARN_UNDECLARED_SELECTOR = YES;
				GCC_WARN_UNINITIALIZED_AUTOS = YES_AGGRESSIVE;
				GCC_WARN_UNUSED_FUNCTION = YES;
				GCC_WARN_UNUSED_VARIABLE = YES;
				IPHONEOS_DEPLOYMENT_TARGET = 15.2;
				MTL_ENABLE_DEBUG_INFO = NO;
				MTL_FAST_MATH = YES;
				SDKROOT = iphoneos;
				SWIFT_COMPILATION_MODE = wholemodule;
				SWIFT_OPTIMIZATION_LEVEL = "-O";
				VALIDATE_PRODUCT = YES;
			};
			name = Release;
		};
		FC26FF4827DFF5E9006C7236 /* Debug */ = {
			isa = XCBuildConfiguration;
			buildSettings = {
				ASSETCATALOG_COMPILER_APPICON_NAME = AppIcon;
				ASSETCATALOG_COMPILER_GLOBAL_ACCENT_COLOR_NAME = AccentColor;
				CODE_SIGN_STYLE = Automatic;
				CURRENT_PROJECT_VERSION = 1;
				DEVELOPMENT_TEAM = KNBWCXWR5X;
				GENERATE_INFOPLIST_FILE = YES;
				INFOPLIST_FILE = loogaa/Info.plist;
				INFOPLIST_KEY_UIApplicationSupportsIndirectInputEvents = YES;
				INFOPLIST_KEY_UILaunchStoryboardName = LaunchScreen;
				INFOPLIST_KEY_UIMainStoryboardFile = Main;
				INFOPLIST_KEY_UISupportedInterfaceOrientations_iPad = "UIInterfaceOrientationPortrait UIInterfaceOrientationPortraitUpsideDown UIInterfaceOrientationLandscapeLeft UIInterfaceOrientationLandscapeRight";
				INFOPLIST_KEY_UISupportedInterfaceOrientations_iPhone = "UIInterfaceOrientationPortrait UIInterfaceOrientationLandscapeLeft UIInterfaceOrientationLandscapeRight";
				LD_RUNPATH_SEARCH_PATHS = (
					"$(inherited)",
					"@executable_path/Frameworks",
				);
				MARKETING_VERSION = 1.0;
				PRODUCT_BUNDLE_IDENTIFIER = com.ahmed.loogaa;
				PRODUCT_NAME = "$(TARGET_NAME)";
				SWIFT_EMIT_LOC_STRINGS = YES;
				SWIFT_VERSION = 5.0;
				TARGETED_DEVICE_FAMILY = "1,2";
			};
			name = Debug;
		};
		FC26FF4927DFF5E9006C7236 /* Release */ = {
			isa = XCBuildConfiguration;
			buildSettings = {
				ASSETCATALOG_COMPILER_APPICON_NAME = AppIcon;
				ASSETCATALOG_COMPILER_GLOBAL_ACCENT_COLOR_NAME = AccentColor;
				CODE_SIGN_STYLE = Automatic;
				CURRENT_PROJECT_VERSION = 1;
				DEVELOPMENT_TEAM = KNBWCXWR5X;
				GENERATE_INFOPLIST_FILE = YES;
				INFOPLIST_FILE = loogaa/Info.plist;
				INFOPLIST_KEY_UIApplicationSupportsIndirectInputEvents = YES;
				INFOPLIST_KEY_UILaunchStoryboardName = LaunchScreen;
				INFOPLIST_KEY_UIMainStoryboardFile = Main;
				INFOPLIST_KEY_UISupportedInterfaceOrientations_iPad = "UIInterfaceOrientationPortrait UIInterfaceOrientationPortraitUpsideDown UIInterfaceOrientationLandscapeLeft UIInterfaceOrientationLandscapeRight";
				INFOPLIST_KEY_UISupportedInterfaceOrientations_iPhone = "UIInterfaceOrientationPortrait UIInterfaceOrientationLandscapeLeft UIInterfaceOrientationLandscapeRight";
				LD_RUNPATH_SEARCH_PATHS = (
					"$(inherited)",
					"@executable_path/Frameworks",
				);
				MARKETING_VERSION = 1.0;
				PRODUCT_BUNDLE_IDENTIFIER = com.ahmed.loogaa;
				PRODUCT_NAME = "$(TARGET_NAME)";
				SWIFT_EMIT_LOC_STRINGS = YES;
				SWIFT_VERSION = 5.0;
				TARGETED_DEVICE_FAMILY = "1,2";
			};
			name = Release;
		};
/* End XCBuildConfiguration section */

/* Begin XCConfigurationList section */
		FC26FF2E27DFF5E9006C7236 /* Build configuration list for PBXProject "loogaa" */ = {
			isa = XCConfigurationList;
			buildConfigurations = (
				FC26FF4527DFF5E9006C7236 /* Debug */,
				FC26FF4627DFF5E9006C7236 /* Release */,
			);
			defaultConfigurationIsVisible = 0;
			defaultConfigurationName = Release;
		};
		FC26FF4727DFF5E9006C7236 /* Build configuration list for PBXNativeTarget "loogaa" */ = {
			isa = XCConfigurationList;
			buildConfigurations = (
				FC26FF4827DFF5E9006C7236 /* Debug */,
				FC26FF4927DFF5E9006C7236 /* Release */,
			);
			defaultConfigurationIsVisible = 0;
			defaultConfigurationName = Release;
		};
/* End XCConfigurationList section */
	};
	rootObject = FC26FF2B27DFF5E9006C7236 /* Project object */;
}
